// !$*UTF8*$!
{
	archiveVersion = 1;
	classes = {
	};
	objectVersion = 55;
	objects = {

/* Begin PBXBuildFile section */
		5A211040274EDF8500C1B9BB /* ComicListView_Item.swift in Sources */ = {isa = PBXBuildFile; fileRef = 5A21103F274EDF8500C1B9BB /* ComicListView_Item.swift */; };
		5A211047274EF67600C1B9BB /* ComicView.swift in Sources */ = {isa = PBXBuildFile; fileRef = 5A211046274EF67600C1B9BB /* ComicView.swift */; };
		5A211049274EF6D300C1B9BB /* ComicViewModel.swift in Sources */ = {isa = PBXBuildFile; fileRef = 5A211048274EF6D300C1B9BB /* ComicViewModel.swift */; };
		5A226932274D970E00D37614 /* CharacterView.swift in Sources */ = {isa = PBXBuildFile; fileRef = 5A226931274D970E00D37614 /* CharacterView.swift */; };
		5A227EEE274A850800DA0F5B /* Obfuscator.swift in Sources */ = {isa = PBXBuildFile; fileRef = 5A227EED274A850800DA0F5B /* Obfuscator.swift */; };
		5A227EF0274A8B9100DA0F5B /* ServiceLocator.swift in Sources */ = {isa = PBXBuildFile; fileRef = 5A227EEF274A8B9100DA0F5B /* ServiceLocator.swift */; };
		5A227EF2274A8CBC00DA0F5B /* Initializator.swift in Sources */ = {isa = PBXBuildFile; fileRef = 5A227EF1274A8CBC00DA0F5B /* Initializator.swift */; };
		5A227EF4274A8E2F00DA0F5B /* MD5.swift in Sources */ = {isa = PBXBuildFile; fileRef = 5A227EF3274A8E2F00DA0F5B /* MD5.swift */; };
		5A227EF7274A91DA00DA0F5B /* Date.swift in Sources */ = {isa = PBXBuildFile; fileRef = 5A227EF6274A91DA00DA0F5B /* Date.swift */; };
		5A227EF9274AE6B700DA0F5B /* ModelExtensions.swift in Sources */ = {isa = PBXBuildFile; fileRef = 5A227EF8274AE6B700DA0F5B /* ModelExtensions.swift */; };
		5A227EFB274AE71100DA0F5B /* CharactersListView_Item.swift in Sources */ = {isa = PBXBuildFile; fileRef = 5A227EFA274AE71100DA0F5B /* CharactersListView_Item.swift */; };
		5A227EFE274AE9B100DA0F5B /* getCharactersCollection.json in Resources */ = {isa = PBXBuildFile; fileRef = 5A227EFD274AE9B100DA0F5B /* getCharactersCollection.json */; };
		5A61722227404AE600DAAC0D /* CharactersListView.swift in Sources */ = {isa = PBXBuildFile; fileRef = 5A61722127404AE600DAAC0D /* CharactersListView.swift */; };
		5A61722627404B6500DAAC0D /* CharactersViewModel.swift in Sources */ = {isa = PBXBuildFile; fileRef = 5A61722527404B6500DAAC0D /* CharactersViewModel.swift */; };
		5A61722927404BE100DAAC0D /* MarvelNetwork in Frameworks */ = {isa = PBXBuildFile; productRef = 5A61722827404BE100DAAC0D /* MarvelNetwork */; };
		5AB92B72273C73BA00A3C6BB /* MarvelApp.swift in Sources */ = {isa = PBXBuildFile; fileRef = 5AB92B71273C73BA00A3C6BB /* MarvelApp.swift */; };
		5AB92B74273C73BA00A3C6BB /* RootView.swift in Sources */ = {isa = PBXBuildFile; fileRef = 5AB92B73273C73BA00A3C6BB /* RootView.swift */; };
		5AB92B76273C73BB00A3C6BB /* Assets.xcassets in Resources */ = {isa = PBXBuildFile; fileRef = 5AB92B75273C73BB00A3C6BB /* Assets.xcassets */; };
		5AB92B79273C73BB00A3C6BB /* Preview Assets.xcassets in Resources */ = {isa = PBXBuildFile; fileRef = 5AB92B78273C73BB00A3C6BB /* Preview Assets.xcassets */; };
		5AC361D82752AE5E00FF586B /* Router.swift in Sources */ = {isa = PBXBuildFile; fileRef = 5AC361D72752AE5E00FF586B /* Router.swift */; };
		5AC640B227499EB5000EA6F8 /* URLSessionRequestBuilderFactoryMarvel.swift in Sources */ = {isa = PBXBuildFile; fileRef = 5AC640B127499EB5000EA6F8 /* URLSessionRequestBuilderFactoryMarvel.swift */; };
/* End PBXBuildFile section */

/* Begin PBXFileReference section */
		5A21103F274EDF8500C1B9BB /* ComicListView_Item.swift */ = {isa = PBXFileReference; lastKnownFileType = sourcecode.swift; path = ComicListView_Item.swift; sourceTree = "<group>"; };
		5A211046274EF67600C1B9BB /* ComicView.swift */ = {isa = PBXFileReference; lastKnownFileType = sourcecode.swift; path = ComicView.swift; sourceTree = "<group>"; };
		5A211048274EF6D300C1B9BB /* ComicViewModel.swift */ = {isa = PBXFileReference; lastKnownFileType = sourcecode.swift; path = ComicViewModel.swift; sourceTree = "<group>"; };
		5A226931274D970E00D37614 /* CharacterView.swift */ = {isa = PBXFileReference; lastKnownFileType = sourcecode.swift; path = CharacterView.swift; sourceTree = "<group>"; };
		5A227EED274A850800DA0F5B /* Obfuscator.swift */ = {isa = PBXFileReference; lastKnownFileType = sourcecode.swift; path = Obfuscator.swift; sourceTree = "<group>"; };
		5A227EEF274A8B9100DA0F5B /* ServiceLocator.swift */ = {isa = PBXFileReference; lastKnownFileType = sourcecode.swift; path = ServiceLocator.swift; sourceTree = "<group>"; };
		5A227EF1274A8CBC00DA0F5B /* Initializator.swift */ = {isa = PBXFileReference; lastKnownFileType = sourcecode.swift; path = Initializator.swift; sourceTree = "<group>"; };
		5A227EF3274A8E2F00DA0F5B /* MD5.swift */ = {isa = PBXFileReference; lastKnownFileType = sourcecode.swift; path = MD5.swift; sourceTree = "<group>"; };
		5A227EF6274A91DA00DA0F5B /* Date.swift */ = {isa = PBXFileReference; lastKnownFileType = sourcecode.swift; path = Date.swift; sourceTree = "<group>"; };
		5A227EF8274AE6B700DA0F5B /* ModelExtensions.swift */ = {isa = PBXFileReference; lastKnownFileType = sourcecode.swift; path = ModelExtensions.swift; sourceTree = "<group>"; };
		5A227EFA274AE71100DA0F5B /* CharactersListView_Item.swift */ = {isa = PBXFileReference; lastKnownFileType = sourcecode.swift; path = CharactersListView_Item.swift; sourceTree = "<group>"; };
		5A227EFD274AE9B100DA0F5B /* getCharactersCollection.json */ = {isa = PBXFileReference; fileEncoding = 4; lastKnownFileType = text.json; path = getCharactersCollection.json; sourceTree = "<group>"; };
		5A61722127404AE600DAAC0D /* CharactersListView.swift */ = {isa = PBXFileReference; lastKnownFileType = sourcecode.swift; path = CharactersListView.swift; sourceTree = "<group>"; };
		5A61722527404B6500DAAC0D /* CharactersViewModel.swift */ = {isa = PBXFileReference; lastKnownFileType = sourcecode.swift; path = CharactersViewModel.swift; sourceTree = "<group>"; };
		5AB92B6E273C73BA00A3C6BB /* Marvel.app */ = {isa = PBXFileReference; explicitFileType = wrapper.application; includeInIndex = 0; path = Marvel.app; sourceTree = BUILT_PRODUCTS_DIR; };
		5AB92B71273C73BA00A3C6BB /* MarvelApp.swift */ = {isa = PBXFileReference; lastKnownFileType = sourcecode.swift; path = MarvelApp.swift; sourceTree = "<group>"; };
		5AB92B73273C73BA00A3C6BB /* RootView.swift */ = {isa = PBXFileReference; lastKnownFileType = sourcecode.swift; path = RootView.swift; sourceTree = "<group>"; };
		5AB92B75273C73BB00A3C6BB /* Assets.xcassets */ = {isa = PBXFileReference; lastKnownFileType = folder.assetcatalog; path = Assets.xcassets; sourceTree = "<group>"; };
		5AB92B78273C73BB00A3C6BB /* Preview Assets.xcassets */ = {isa = PBXFileReference; lastKnownFileType = folder.assetcatalog; path = "Preview Assets.xcassets"; sourceTree = "<group>"; };
		5AB92B80273C757000A3C6BB /* MarvelNetwork */ = {isa = PBXFileReference; lastKnownFileType = folder; name = MarvelNetwork; path = ../MarvelNetwork; sourceTree = "<group>"; };
		5AC361D72752AE5E00FF586B /* Router.swift */ = {isa = PBXFileReference; lastKnownFileType = sourcecode.swift; path = Router.swift; sourceTree = "<group>"; };
		5AC640B127499EB5000EA6F8 /* URLSessionRequestBuilderFactoryMarvel.swift */ = {isa = PBXFileReference; lastKnownFileType = sourcecode.swift; path = URLSessionRequestBuilderFactoryMarvel.swift; sourceTree = "<group>"; };
		5AC640B32749A38A000EA6F8 /* Info.plist */ = {isa = PBXFileReference; lastKnownFileType = text.plist; path = Info.plist; sourceTree = "<group>"; };
/* End PBXFileReference section */

/* Begin PBXFrameworksBuildPhase section */
		5AB92B6B273C73BA00A3C6BB /* Frameworks */ = {
			isa = PBXFrameworksBuildPhase;
			buildActionMask = 2147483647;
			files = (
				5A61722927404BE100DAAC0D /* MarvelNetwork in Frameworks */,
			);
			runOnlyForDeploymentPostprocessing = 0;
		};
/* End PBXFrameworksBuildPhase section */

/* Begin PBXGroup section */
		5A21104A274EF95800C1B9BB /* Services */ = {
			isa = PBXGroup;
			children = (
				5A227EEC274A84F900DA0F5B /* Security */,
				5A227EF1274A8CBC00DA0F5B /* Initializator.swift */,
				5A227EEF274A8B9100DA0F5B /* ServiceLocator.swift */,
			);
			path = Services;
			sourceTree = "<group>";
		};
		5A21104B274EF96E00C1B9BB /* Views */ = {
			isa = PBXGroup;
			children = (
				5A21104D274EFEAA00C1B9BB /* Comics */,
				5A21104C274EF99800C1B9BB /* Characters */,
				5AB92B73273C73BA00A3C6BB /* RootView.swift */,
			);
			path = Views;
			sourceTree = "<group>";
		};
		5A21104C274EF99800C1B9BB /* Characters */ = {
			isa = PBXGroup;
			children = (
				5A61722527404B6500DAAC0D /* CharactersViewModel.swift */,
				5A61722127404AE600DAAC0D /* CharactersListView.swift */,
				5A227EFA274AE71100DA0F5B /* CharactersListView_Item.swift */,
				5A226931274D970E00D37614 /* CharacterView.swift */,
			);
			path = Characters;
			sourceTree = "<group>";
		};
		5A21104D274EFEAA00C1B9BB /* Comics */ = {
			isa = PBXGroup;
			children = (
				5A211048274EF6D300C1B9BB /* ComicViewModel.swift */,
				5A211046274EF67600C1B9BB /* ComicView.swift */,
				5A21103F274EDF8500C1B9BB /* ComicListView_Item.swift */,
			);
			path = Comics;
			sourceTree = "<group>";
		};
		5A22693A274DAF1C00D37614 /* Submodels */ = {
			isa = PBXGroup;
			children = (
				5A227EF8274AE6B700DA0F5B /* ModelExtensions.swift */,
			);
			path = Submodels;
			sourceTree = "<group>";
		};
		5A227EEC274A84F900DA0F5B /* Security */ = {
			isa = PBXGroup;
			children = (
				5A227EED274A850800DA0F5B /* Obfuscator.swift */,
				5A227EF3274A8E2F00DA0F5B /* MD5.swift */,
			);
			path = Security;
			sourceTree = "<group>";
		};
		5A227EF5274A91CF00DA0F5B /* Extensions */ = {
			isa = PBXGroup;
			children = (
				5A227EF6274A91DA00DA0F5B /* Date.swift */,
			);
			path = Extensions;
			sourceTree = "<group>";
		};
		5A227EFC274AE94D00DA0F5B /* Mocks */ = {
			isa = PBXGroup;
			children = (
				5A227EFD274AE9B100DA0F5B /* getCharactersCollection.json */,
			);
			path = Mocks;
			sourceTree = "<group>";
		};
		5A61722727404BE100DAAC0D /* Frameworks */ = {
			isa = PBXGroup;
			children = (
			);
			name = Frameworks;
			sourceTree = "<group>";
		};
		5AB92B65273C73BA00A3C6BB = {
			isa = PBXGroup;
			children = (
				5AB92B70273C73BA00A3C6BB /* Marvel */,
				5AB92B80273C757000A3C6BB /* MarvelNetwork */,
				5AB92B6F273C73BA00A3C6BB /* Products */,
				5A61722727404BE100DAAC0D /* Frameworks */,
			);
			sourceTree = "<group>";
		};
		5AB92B6F273C73BA00A3C6BB /* Products */ = {
			isa = PBXGroup;
			children = (
				5AB92B6E273C73BA00A3C6BB /* Marvel.app */,
			);
			name = Products;
			sourceTree = "<group>";
		};
		5AB92B70273C73BA00A3C6BB /* Marvel */ = {
			isa = PBXGroup;
			children = (
				5AC361D62752ADF100FF586B /* Router */,
				5A21104B274EF96E00C1B9BB /* Views */,
				5A21104A274EF95800C1B9BB /* Services */,
				5A22693A274DAF1C00D37614 /* Submodels */,
				5A227EFC274AE94D00DA0F5B /* Mocks */,
				5A227EF5274A91CF00DA0F5B /* Extensions */,
				5AC640B32749A38A000EA6F8 /* Info.plist */,
				5AC640B027499E6E000EA6F8 /* Network */,
				5AB92B71273C73BA00A3C6BB /* MarvelApp.swift */,
				5AB92B75273C73BB00A3C6BB /* Assets.xcassets */,
				5AB92B77273C73BB00A3C6BB /* Preview Content */,
			);
			path = Marvel;
			sourceTree = "<group>";
		};
		5AB92B77273C73BB00A3C6BB /* Preview Content */ = {
			isa = PBXGroup;
			children = (
				5AB92B78273C73BB00A3C6BB /* Preview Assets.xcassets */,
			);
			path = "Preview Content";
			sourceTree = "<group>";
		};
		5AC361D62752ADF100FF586B /* Router */ = {
			isa = PBXGroup;
			children = (
				5AC361D72752AE5E00FF586B /* Router.swift */,
			);
			path = Router;
			sourceTree = "<group>";
		};
		5AC640B027499E6E000EA6F8 /* Network */ = {
			isa = PBXGroup;
			children = (
				5AC640B127499EB5000EA6F8 /* URLSessionRequestBuilderFactoryMarvel.swift */,
			);
			path = Network;
			sourceTree = "<group>";
		};
/* End PBXGroup section */

/* Begin PBXNativeTarget section */
		5AB92B6D273C73BA00A3C6BB /* Marvel */ = {
			isa = PBXNativeTarget;
			buildConfigurationList = 5AB92B7C273C73BB00A3C6BB /* Build configuration list for PBXNativeTarget "Marvel" */;
			buildPhases = (
				5AB92B6A273C73BA00A3C6BB /* Sources */,
				5AB92B6B273C73BA00A3C6BB /* Frameworks */,
				5AB92B6C273C73BA00A3C6BB /* Resources */,
			);
			buildRules = (
			);
			dependencies = (
			);
			name = Marvel;
			packageProductDependencies = (
				5A61722827404BE100DAAC0D /* MarvelNetwork */,
			);
			productName = Marvel;
			productReference = 5AB92B6E273C73BA00A3C6BB /* Marvel.app */;
			productType = "com.apple.product-type.application";
		};
/* End PBXNativeTarget section */

/* Begin PBXProject section */
		5AB92B66273C73BA00A3C6BB /* Project object */ = {
			isa = PBXProject;
			attributes = {
				BuildIndependentTargetsInParallel = 1;
				LastSwiftUpdateCheck = 1310;
				LastUpgradeCheck = 1310;
				TargetAttributes = {
					5AB92B6D273C73BA00A3C6BB = {
						CreatedOnToolsVersion = 13.1;
					};
				};
			};
			buildConfigurationList = 5AB92B69273C73BA00A3C6BB /* Build configuration list for PBXProject "Marvel" */;
			compatibilityVersion = "Xcode 13.0";
			developmentRegion = en;
			hasScannedForEncodings = 0;
			knownRegions = (
				en,
				Base,
			);
			mainGroup = 5AB92B65273C73BA00A3C6BB;
			productRefGroup = 5AB92B6F273C73BA00A3C6BB /* Products */;
			projectDirPath = "";
			projectRoot = "";
			targets = (
				5AB92B6D273C73BA00A3C6BB /* Marvel */,
			);
		};
/* End PBXProject section */

/* Begin PBXResourcesBuildPhase section */
		5AB92B6C273C73BA00A3C6BB /* Resources */ = {
			isa = PBXResourcesBuildPhase;
			buildActionMask = 2147483647;
			files = (
				5AB92B79273C73BB00A3C6BB /* Preview Assets.xcassets in Resources */,
				5A227EFE274AE9B100DA0F5B /* getCharactersCollection.json in Resources */,
				5AB92B76273C73BB00A3C6BB /* Assets.xcassets in Resources */,
			);
			runOnlyForDeploymentPostprocessing = 0;
		};
/* End PBXResourcesBuildPhase section */

/* Begin PBXSourcesBuildPhase section */
		5AB92B6A273C73BA00A3C6BB /* Sources */ = {
			isa = PBXSourcesBuildPhase;
			buildActionMask = 2147483647;
			files = (
				5AC361D82752AE5E00FF586B /* Router.swift in Sources */,
				5AC640B227499EB5000EA6F8 /* URLSessionRequestBuilderFactoryMarvel.swift in Sources */,
				5A211047274EF67600C1B9BB /* ComicView.swift in Sources */,
				5A227EF9274AE6B700DA0F5B /* ModelExtensions.swift in Sources */,
				5AB92B74273C73BA00A3C6BB /* RootView.swift in Sources */,
				5AB92B72273C73BA00A3C6BB /* MarvelApp.swift in Sources */,
				5A227EFB274AE71100DA0F5B /* CharactersListView_Item.swift in Sources */,
				5A211049274EF6D300C1B9BB /* ComicViewModel.swift in Sources */,
				5A61722227404AE600DAAC0D /* CharactersListView.swift in Sources */,
				5A226932274D970E00D37614 /* CharacterView.swift in Sources */,
				5A227EF0274A8B9100DA0F5B /* ServiceLocator.swift in Sources */,
				5A227EF4274A8E2F00DA0F5B /* MD5.swift in Sources */,
				5A61722627404B6500DAAC0D /* CharactersViewModel.swift in Sources */,
				5A227EF7274A91DA00DA0F5B /* Date.swift in Sources */,
				5A211040274EDF8500C1B9BB /* ComicListView_Item.swift in Sources */,
				5A227EEE274A850800DA0F5B /* Obfuscator.swift in Sources */,
				5A227EF2274A8CBC00DA0F5B /* Initializator.swift in Sources */,
			);
			runOnlyForDeploymentPostprocessing = 0;
		};
/* End PBXSourcesBuildPhase section */

/* Begin XCBuildConfiguration section */
		5AB92B7A273C73BB00A3C6BB /* Debug */ = {
			isa = XCBuildConfiguration;
			buildSettings = {
				ALWAYS_SEARCH_USER_PATHS = NO;
				CLANG_ANALYZER_NONNULL = YES;
				CLANG_ANALYZER_NUMBER_OBJECT_CONVERSION = YES_AGGRESSIVE;
				CLANG_CXX_LANGUAGE_STANDARD = "gnu++17";
				CLANG_CXX_LIBRARY = "libc++";
				CLANG_ENABLE_MODULES = YES;
				CLANG_ENABLE_OBJC_ARC = YES;
				CLANG_ENABLE_OBJC_WEAK = YES;
				CLANG_WARN_BLOCK_CAPTURE_AUTORELEASING = YES;
				CLANG_WARN_BOOL_CONVERSION = YES;
				CLANG_WARN_COMMA = YES;
				CLANG_WARN_CONSTANT_CONVERSION = YES;
				CLANG_WARN_DEPRECATED_OBJC_IMPLEMENTATIONS = YES;
				CLANG_WARN_DIRECT_OBJC_ISA_USAGE = YES_ERROR;
				CLANG_WARN_DOCUMENTATION_COMMENTS = YES;
				CLANG_WARN_EMPTY_BODY = YES;
				CLANG_WARN_ENUM_CONVERSION = YES;
				CLANG_WARN_INFINITE_RECURSION = YES;
				CLANG_WARN_INT_CONVERSION = YES;
				CLANG_WARN_NON_LITERAL_NULL_CONVERSION = YES;
				CLANG_WARN_OBJC_IMPLICIT_RETAIN_SELF = YES;
				CLANG_WARN_OBJC_LITERAL_CONVERSION = YES;
				CLANG_WARN_OBJC_ROOT_CLASS = YES_ERROR;
				CLANG_WARN_QUOTED_INCLUDE_IN_FRAMEWORK_HEADER = YES;
				CLANG_WARN_RANGE_LOOP_ANALYSIS = YES;
				CLANG_WARN_STRICT_PROTOTYPES = YES;
				CLANG_WARN_SUSPICIOUS_MOVE = YES;
				CLANG_WARN_UNGUARDED_AVAILABILITY = YES_AGGRESSIVE;
				CLANG_WARN_UNREACHABLE_CODE = YES;
				CLANG_WARN__DUPLICATE_METHOD_MATCH = YES;
				COPY_PHASE_STRIP = NO;
				DEBUG_INFORMATION_FORMAT = dwarf;
				ENABLE_STRICT_OBJC_MSGSEND = YES;
				ENABLE_TESTABILITY = YES;
				GCC_C_LANGUAGE_STANDARD = gnu11;
				GCC_DYNAMIC_NO_PIC = NO;
				GCC_NO_COMMON_BLOCKS = YES;
				GCC_OPTIMIZATION_LEVEL = 0;
				GCC_PREPROCESSOR_DEFINITIONS = (
					"DEBUG=1",
					"$(inherited)",
				);
				GCC_WARN_64_TO_32_BIT_CONVERSION = YES;
				GCC_WARN_ABOUT_RETURN_TYPE = YES_ERROR;
				GCC_WARN_UNDECLARED_SELECTOR = YES;
				GCC_WARN_UNINITIALIZED_AUTOS = YES_AGGRESSIVE;
				GCC_WARN_UNUSED_FUNCTION = YES;
				GCC_WARN_UNUSED_VARIABLE = YES;
				IPHONEOS_DEPLOYMENT_TARGET = 15.0;
				MTL_ENABLE_DEBUG_INFO = INCLUDE_SOURCE;
				MTL_FAST_MATH = YES;
				ONLY_ACTIVE_ARCH = YES;
				SDKROOT = iphoneos;
				SWIFT_ACTIVE_COMPILATION_CONDITIONS = DEBUG;
				SWIFT_OPTIMIZATION_LEVEL = "-Onone";
			};
			name = Debug;
		};
		5AB92B7B273C73BB00A3C6BB /* Release */ = {
			isa = XCBuildConfiguration;
			buildSettings = {
				ALWAYS_SEARCH_USER_PATHS = NO;
				CLANG_ANALYZER_NONNULL = YES;
				CLANG_ANALYZER_NUMBER_OBJECT_CONVERSION = YES_AGGRESSIVE;
				CLANG_CXX_LANGUAGE_STANDARD = "gnu++17";
				CLANG_CXX_LIBRARY = "libc++";
				CLANG_ENABLE_MODULES = YES;
				CLANG_ENABLE_OBJC_ARC = YES;
				CLANG_ENABLE_OBJC_WEAK = YES;
				CLANG_WARN_BLOCK_CAPTURE_AUTORELEASING = YES;
				CLANG_WARN_BOOL_CONVERSION = YES;
				CLANG_WARN_COMMA = YES;
				CLANG_WARN_CONSTANT_CONVERSION = YES;
				CLANG_WARN_DEPRECATED_OBJC_IMPLEMENTATIONS = YES;
				CLANG_WARN_DIRECT_OBJC_ISA_USAGE = YES_ERROR;
				CLANG_WARN_DOCUMENTATION_COMMENTS = YES;
				CLANG_WARN_EMPTY_BODY = YES;
				CLANG_WARN_ENUM_CONVERSION = YES;
				CLANG_WARN_INFINITE_RECURSION = YES;
				CLANG_WARN_INT_CONVERSION = YES;
				CLANG_WARN_NON_LITERAL_NULL_CONVERSION = YES;
				CLANG_WARN_OBJC_IMPLICIT_RETAIN_SELF = YES;
				CLANG_WARN_OBJC_LITERAL_CONVERSION = YES;
				CLANG_WARN_OBJC_ROOT_CLASS = YES_ERROR;
				CLANG_WARN_QUOTED_INCLUDE_IN_FRAMEWORK_HEADER = YES;
				CLANG_WARN_RANGE_LOOP_ANALYSIS = YES;
				CLANG_WARN_STRICT_PROTOTYPES = YES;
				CLANG_WARN_SUSPICIOUS_MOVE = YES;
				CLANG_WARN_UNGUARDED_AVAILABILITY = YES_AGGRESSIVE;
				CLANG_WARN_UNREACHABLE_CODE = YES;
				CLANG_WARN__DUPLICATE_METHOD_MATCH = YES;
				COPY_PHASE_STRIP = NO;
				DEBUG_INFORMATION_FORMAT = "dwarf-with-dsym";
				ENABLE_NS_ASSERTIONS = NO;
				ENABLE_STRICT_OBJC_MSGSEND = YES;
				GCC_C_LANGUAGE_STANDARD = gnu11;
				GCC_NO_COMMON_BLOCKS = YES;
				GCC_WARN_64_TO_32_BIT_CONVERSION = YES;
				GCC_WARN_ABOUT_RETURN_TYPE = YES_ERROR;
				GCC_WARN_UNDECLARED_SELECTOR = YES;
				GCC_WARN_UNINITIALIZED_AUTOS = YES_AGGRESSIVE;
				GCC_WARN_UNUSED_FUNCTION = YES;
				GCC_WARN_UNUSED_VARIABLE = YES;
				IPHONEOS_DEPLOYMENT_TARGET = 15.0;
				MTL_ENABLE_DEBUG_INFO = NO;
				MTL_FAST_MATH = YES;
				SDKROOT = iphoneos;
				SWIFT_COMPILATION_MODE = wholemodule;
				SWIFT_OPTIMIZATION_LEVEL = "-O";
				VALIDATE_PRODUCT = YES;
			};
			name = Release;
		};
		5AB92B7D273C73BB00A3C6BB /* Debug */ = {
			isa = XCBuildConfiguration;
			buildSettings = {
				ASSETCATALOG_COMPILER_APPICON_NAME = AppIcon;
				ASSETCATALOG_COMPILER_GLOBAL_ACCENT_COLOR_NAME = AccentColor;
				CODE_SIGN_STYLE = Automatic;
				CURRENT_PROJECT_VERSION = 1;
				DEVELOPMENT_ASSET_PATHS = "\"Marvel/Preview Content\"";
				DEVELOPMENT_TEAM = TP33793R45;
				ENABLE_PREVIEWS = YES;
				GENERATE_INFOPLIST_FILE = YES;
				INFOPLIST_FILE = Marvel/Info.plist;
				INFOPLIST_KEY_UIApplicationSceneManifest_Generation = YES;
				INFOPLIST_KEY_UIApplicationSupportsIndirectInputEvents = YES;
				INFOPLIST_KEY_UILaunchScreen_Generation = YES;
				INFOPLIST_KEY_UISupportedInterfaceOrientations_iPad = "UIInterfaceOrientationPortrait UIInterfaceOrientationPortraitUpsideDown UIInterfaceOrientationLandscapeLeft UIInterfaceOrientationLandscapeRight";
				INFOPLIST_KEY_UISupportedInterfaceOrientations_iPhone = "UIInterfaceOrientationPortrait UIInterfaceOrientationLandscapeLeft UIInterfaceOrientationLandscapeRight";
				LD_RUNPATH_SEARCH_PATHS = (
					"$(inherited)",
					"@executable_path/Frameworks",
				);
				MARKETING_VERSION = 1.0;
				PRODUCT_BUNDLE_IDENTIFIER = "com.c-villain.Marvel";
				PRODUCT_NAME = "$(TARGET_NAME)";
				SWIFT_EMIT_LOC_STRINGS = YES;
				SWIFT_VERSION = 5.0;
				TARGETED_DEVICE_FAMILY = "1,2";
			};
			name = Debug;
		};
		5AB92B7E273C73BB00A3C6BB /* Release */ = {
			isa = XCBuildConfiguration;
			buildSettings = {
				ASSETCATALOG_COMPILER_APPICON_NAME = AppIcon;
				ASSETCATALOG_COMPILER_GLOBAL_ACCENT_COLOR_NAME = AccentColor;
				CODE_SIGN_STYLE = Automatic;
				CURRENT_PROJECT_VERSION = 1;
				DEVELOPMENT_ASSET_PATHS = "\"Marvel/Preview Content\"";
				DEVELOPMENT_TEAM = TP33793R45;
				ENABLE_PREVIEWS = YES;
				GENERATE_INFOPLIST_FILE = YES;
				INFOPLIST_FILE = Marvel/Info.plist;
				INFOPLIST_KEY_UIApplicationSceneManifest_Generation = YES;
				INFOPLIST_KEY_UIApplicationSupportsIndirectInputEvents = YES;
				INFOPLIST_KEY_UILaunchScreen_Generation = YES;
				INFOPLIST_KEY_UISupportedInterfaceOrientations_iPad = "UIInterfaceOrientationPortrait UIInterfaceOrientationPortraitUpsideDown UIInterfaceOrientationLandscapeLeft UIInterfaceOrientationLandscapeRight";
				INFOPLIST_KEY_UISupportedInterfaceOrientations_iPhone = "UIInterfaceOrientationPortrait UIInterfaceOrientationLandscapeLeft UIInterfaceOrientationLandscapeRight";
				LD_RUNPATH_SEARCH_PATHS = (
					"$(inherited)",
					"@executable_path/Frameworks",
				);
				MARKETING_VERSION = 1.0;
				PRODUCT_BUNDLE_IDENTIFIER = "com.c-villain.Marvel";
				PRODUCT_NAME = "$(TARGET_NAME)";
				SWIFT_EMIT_LOC_STRINGS = YES;
				SWIFT_VERSION = 5.0;
				TARGETED_DEVICE_FAMILY = "1,2";
			};
			name = Release;
		};
/* End XCBuildConfiguration section */

/* Begin XCConfigurationList section */
		5AB92B69273C73BA00A3C6BB /* Build configuration list for PBXProject "Marvel" */ = {
			isa = XCConfigurationList;
			buildConfigurations = (
				5AB92B7A273C73BB00A3C6BB /* Debug */,
				5AB92B7B273C73BB00A3C6BB /* Release */,
			);
			defaultConfigurationIsVisible = 0;
			defaultConfigurationName = Release;
		};
		5AB92B7C273C73BB00A3C6BB /* Build configuration list for PBXNativeTarget "Marvel" */ = {
			isa = XCConfigurationList;
			buildConfigurations = (
				5AB92B7D273C73BB00A3C6BB /* Debug */,
				5AB92B7E273C73BB00A3C6BB /* Release */,
			);
			defaultConfigurationIsVisible = 0;
			defaultConfigurationName = Release;
		};
/* End XCConfigurationList section */

/* Begin XCSwiftPackageProductDependency section */
		5A61722827404BE100DAAC0D /* MarvelNetwork */ = {
			isa = XCSwiftPackageProductDependency;
			productName = MarvelNetwork;
		};
/* End XCSwiftPackageProductDependency section */
	};
	rootObject = 5AB92B66273C73BA00A3C6BB /* Project object */;
}
